// !$*UTF8*$!
{
	archiveVersion = 1;
	classes = {
	};
	objectVersion = 50;
	objects = {

/* Begin PBXBuildFile section */
		541A32CC20DAD05C00D171CA /* AppDelegate.swift in Sources */ = {isa = PBXBuildFile; fileRef = 541A32CB20DAD05C00D171CA /* AppDelegate.swift */; };
		541A32D220DAD05C00D171CA /* GameScene.swift in Sources */ = {isa = PBXBuildFile; fileRef = 541A32D120DAD05C00D171CA /* GameScene.swift */; };
		541A32D420DAD05C00D171CA /* GameViewController.swift in Sources */ = {isa = PBXBuildFile; fileRef = 541A32D320DAD05C00D171CA /* GameViewController.swift */; };
		541A32D720DAD05C00D171CA /* Main.storyboard in Resources */ = {isa = PBXBuildFile; fileRef = 541A32D520DAD05C00D171CA /* Main.storyboard */; };
		541A32D920DAD05F00D171CA /* Assets.xcassets in Resources */ = {isa = PBXBuildFile; fileRef = 541A32D820DAD05F00D171CA /* Assets.xcassets */; };
		541A32DC20DAD05F00D171CA /* LaunchScreen.storyboard in Resources */ = {isa = PBXBuildFile; fileRef = 541A32DA20DAD05F00D171CA /* LaunchScreen.storyboard */; };
		54F85E5520FECA8A00885847 /* Level.swift in Sources */ = {isa = PBXBuildFile; fileRef = 54F85E5420FECA8A00885847 /* Level.swift */; };
		54F85E5720FECAF000885847 /* Cookie.swift in Sources */ = {isa = PBXBuildFile; fileRef = 54F85E5620FECAF000885847 /* Cookie.swift */; };
		54F85E5920FECD5700885847 /* LevelData.swift in Sources */ = {isa = PBXBuildFile; fileRef = 54F85E5820FECD5700885847 /* LevelData.swift */; };
		54F85E5B20FECD9F00885847 /* Tile.swift in Sources */ = {isa = PBXBuildFile; fileRef = 54F85E5A20FECD9F00885847 /* Tile.swift */; };
		54F85E5D20FECDC500885847 /* Array2D.swift in Sources */ = {isa = PBXBuildFile; fileRef = 54F85E5C20FECDC500885847 /* Array2D.swift */; };
		54F85E6620FF7D7B00885847 /* Sprites.atlas in Resources */ = {isa = PBXBuildFile; fileRef = 54F85E6520FF7D7B00885847 /* Sprites.atlas */; };
		54F85E6820FF7D8800885847 /* Grid.atlas in Resources */ = {isa = PBXBuildFile; fileRef = 54F85E6720FF7D8800885847 /* Grid.atlas */; };
		54F85E7320FF7F3200885847 /* Level_2.json in Resources */ = {isa = PBXBuildFile; fileRef = 54F85E6E20FF7F3100885847 /* Level_2.json */; };
		54F85E7420FF7F3200885847 /* Level_3.json in Resources */ = {isa = PBXBuildFile; fileRef = 54F85E6F20FF7F3100885847 /* Level_3.json */; };
		54F85E7520FF7F3200885847 /* Level_4.json in Resources */ = {isa = PBXBuildFile; fileRef = 54F85E7020FF7F3100885847 /* Level_4.json */; };
		54F85E7620FF7F3200885847 /* Level_0.json in Resources */ = {isa = PBXBuildFile; fileRef = 54F85E7120FF7F3100885847 /* Level_0.json */; };
		54F85E7720FF7F3200885847 /* Level_1.json in Resources */ = {isa = PBXBuildFile; fileRef = 54F85E7220FF7F3100885847 /* Level_1.json */; };
		54F85E7F20FF7F9300885847 /* Scrape.wav in Resources */ = {isa = PBXBuildFile; fileRef = 54F85E7920FF7F9200885847 /* Scrape.wav */; };
		54F85E8020FF7F9300885847 /* Ka-Ching.wav in Resources */ = {isa = PBXBuildFile; fileRef = 54F85E7A20FF7F9200885847 /* Ka-Ching.wav */; };
		54F85E8120FF7F9300885847 /* Mining by Moonlight.mp3 in Resources */ = {isa = PBXBuildFile; fileRef = 54F85E7B20FF7F9200885847 /* Mining by Moonlight.mp3 */; };
		54F85E8220FF7F9300885847 /* Drip.wav in Resources */ = {isa = PBXBuildFile; fileRef = 54F85E7C20FF7F9200885847 /* Drip.wav */; };
		54F85E8320FF7F9300885847 /* Chomp.wav in Resources */ = {isa = PBXBuildFile; fileRef = 54F85E7D20FF7F9200885847 /* Chomp.wav */; };
		54F85E8420FF7F9300885847 /* Error.wav in Resources */ = {isa = PBXBuildFile; fileRef = 54F85E7E20FF7F9200885847 /* Error.wav */; };
		54F85E8620FFBCED00885847 /* Swap.swift in Sources */ = {isa = PBXBuildFile; fileRef = 54F85E8520FFBCED00885847 /* Swap.swift */; };
/* End PBXBuildFile section */

/* Begin PBXFileReference section */
		541A32C820DAD05C00D171CA /* Farm Dash.app */ = {isa = PBXFileReference; explicitFileType = wrapper.application; includeInIndex = 0; path = "Farm Dash.app"; sourceTree = BUILT_PRODUCTS_DIR; };
		541A32CB20DAD05C00D171CA /* AppDelegate.swift */ = {isa = PBXFileReference; lastKnownFileType = sourcecode.swift; path = AppDelegate.swift; sourceTree = "<group>"; };
		541A32D120DAD05C00D171CA /* GameScene.swift */ = {isa = PBXFileReference; lastKnownFileType = sourcecode.swift; path = GameScene.swift; sourceTree = "<group>"; };
		541A32D320DAD05C00D171CA /* GameViewController.swift */ = {isa = PBXFileReference; lastKnownFileType = sourcecode.swift; path = GameViewController.swift; sourceTree = "<group>"; };
		541A32D620DAD05C00D171CA /* Base */ = {isa = PBXFileReference; lastKnownFileType = file.storyboard; name = Base; path = Base.lproj/Main.storyboard; sourceTree = "<group>"; };
		541A32D820DAD05F00D171CA /* Assets.xcassets */ = {isa = PBXFileReference; lastKnownFileType = folder.assetcatalog; path = Assets.xcassets; sourceTree = "<group>"; };
		541A32DB20DAD05F00D171CA /* Base */ = {isa = PBXFileReference; lastKnownFileType = file.storyboard; name = Base; path = Base.lproj/LaunchScreen.storyboard; sourceTree = "<group>"; };
		541A32DD20DAD05F00D171CA /* Info.plist */ = {isa = PBXFileReference; lastKnownFileType = text.plist.xml; path = Info.plist; sourceTree = "<group>"; };
		54F85E5420FECA8A00885847 /* Level.swift */ = {isa = PBXFileReference; lastKnownFileType = sourcecode.swift; path = Level.swift; sourceTree = "<group>"; };
		54F85E5620FECAF000885847 /* Cookie.swift */ = {isa = PBXFileReference; lastKnownFileType = sourcecode.swift; path = Cookie.swift; sourceTree = "<group>"; };
		54F85E5820FECD5700885847 /* LevelData.swift */ = {isa = PBXFileReference; lastKnownFileType = sourcecode.swift; path = LevelData.swift; sourceTree = "<group>"; };
		54F85E5A20FECD9F00885847 /* Tile.swift */ = {isa = PBXFileReference; lastKnownFileType = sourcecode.swift; path = Tile.swift; sourceTree = "<group>"; };
		54F85E5C20FECDC500885847 /* Array2D.swift */ = {isa = PBXFileReference; lastKnownFileType = sourcecode.swift; path = Array2D.swift; sourceTree = "<group>"; };
		54F85E6520FF7D7B00885847 /* Sprites.atlas */ = {isa = PBXFileReference; lastKnownFileType = folder.skatlas; path = Sprites.atlas; sourceTree = "<group>"; };
		54F85E6720FF7D8800885847 /* Grid.atlas */ = {isa = PBXFileReference; lastKnownFileType = folder.skatlas; name = Grid.atlas; path = "../../../Users/dwpalme/Downloads/CookieCrunchPart1/CookieCrunchPart1-Final/CookieCrunch/Grid.atlas"; sourceTree = "<group>"; };
		54F85E6E20FF7F3100885847 /* Level_2.json */ = {isa = PBXFileReference; fileEncoding = 4; lastKnownFileType = text.json; path = Level_2.json; sourceTree = "<group>"; };
		54F85E6F20FF7F3100885847 /* Level_3.json */ = {isa = PBXFileReference; fileEncoding = 4; lastKnownFileType = text.json; path = Level_3.json; sourceTree = "<group>"; };
		54F85E7020FF7F3100885847 /* Level_4.json */ = {isa = PBXFileReference; fileEncoding = 4; lastKnownFileType = text.json; path = Level_4.json; sourceTree = "<group>"; };
		54F85E7120FF7F3100885847 /* Level_0.json */ = {isa = PBXFileReference; fileEncoding = 4; lastKnownFileType = text.json; path = Level_0.json; sourceTree = "<group>"; };
		54F85E7220FF7F3100885847 /* Level_1.json */ = {isa = PBXFileReference; fileEncoding = 4; lastKnownFileType = text.json; path = Level_1.json; sourceTree = "<group>"; };
		54F85E7920FF7F9200885847 /* Scrape.wav */ = {isa = PBXFileReference; lastKnownFileType = audio.wav; path = Scrape.wav; sourceTree = "<group>"; };
		54F85E7A20FF7F9200885847 /* Ka-Ching.wav */ = {isa = PBXFileReference; lastKnownFileType = audio.wav; path = "Ka-Ching.wav"; sourceTree = "<group>"; };
		54F85E7B20FF7F9200885847 /* Mining by Moonlight.mp3 */ = {isa = PBXFileReference; lastKnownFileType = audio.mp3; path = "Mining by Moonlight.mp3"; sourceTree = "<group>"; };
		54F85E7C20FF7F9200885847 /* Drip.wav */ = {isa = PBXFileReference; lastKnownFileType = audio.wav; path = Drip.wav; sourceTree = "<group>"; };
		54F85E7D20FF7F9200885847 /* Chomp.wav */ = {isa = PBXFileReference; lastKnownFileType = audio.wav; path = Chomp.wav; sourceTree = "<group>"; };
		54F85E7E20FF7F9200885847 /* Error.wav */ = {isa = PBXFileReference; lastKnownFileType = audio.wav; path = Error.wav; sourceTree = "<group>"; };
		54F85E8520FFBCED00885847 /* Swap.swift */ = {isa = PBXFileReference; lastKnownFileType = sourcecode.swift; path = Swap.swift; sourceTree = "<group>"; };
/* End PBXFileReference section */

/* Begin PBXFrameworksBuildPhase section */
		541A32C520DAD05C00D171CA /* Frameworks */ = {
			isa = PBXFrameworksBuildPhase;
			buildActionMask = 2147483647;
			files = (
			);
			runOnlyForDeploymentPostprocessing = 0;
		};
/* End PBXFrameworksBuildPhase section */

/* Begin PBXGroup section */
		541A32BF20DAD05C00D171CA = {
			isa = PBXGroup;
			children = (
				541A32CA20DAD05C00D171CA /* Farm Dash */,
				541A32C920DAD05C00D171CA /* Products */,
			);
			sourceTree = "<group>";
		};
		541A32C920DAD05C00D171CA /* Products */ = {
			isa = PBXGroup;
			children = (
				541A32C820DAD05C00D171CA /* Farm Dash.app */,
			);
			name = Products;
			sourceTree = "<group>";
		};
		541A32CA20DAD05C00D171CA /* Farm Dash */ = {
			isa = PBXGroup;
			children = (
				541A32D120DAD05C00D171CA /* GameScene.swift */,
				54F85E8520FFBCED00885847 /* Swap.swift */,
				54F85E5420FECA8A00885847 /* Level.swift */,
				541A32CB20DAD05C00D171CA /* AppDelegate.swift */,
				54F85E5620FECAF000885847 /* Cookie.swift */,
				54F85E5820FECD5700885847 /* LevelData.swift */,
				54F85E5A20FECD9F00885847 /* Tile.swift */,
				54F85E5C20FECDC500885847 /* Array2D.swift */,
				541A32D320DAD05C00D171CA /* GameViewController.swift */,
				541A32D520DAD05C00D171CA /* Main.storyboard */,
				541A32DA20DAD05F00D171CA /* LaunchScreen.storyboard */,
				54F85E7820FF7F9200885847 /* Sounds */,
				54F85E6D20FF7F3100885847 /* Levels */,
				54F85E6720FF7D8800885847 /* Grid.atlas */,
				54F85E6520FF7D7B00885847 /* Sprites.atlas */,
				541A32D820DAD05F00D171CA /* Assets.xcassets */,
				541A32DD20DAD05F00D171CA /* Info.plist */,
			);
			path = "Farm Dash";
			sourceTree = "<group>";
		};
		54F85E6D20FF7F3100885847 /* Levels */ = {
			isa = PBXGroup;
			children = (
				54F85E7120FF7F3100885847 /* Level_0.json */,
				54F85E7220FF7F3100885847 /* Level_1.json */,
				54F85E6E20FF7F3100885847 /* Level_2.json */,
				54F85E6F20FF7F3100885847 /* Level_3.json */,
				54F85E7020FF7F3100885847 /* Level_4.json */,
			);
			path = Levels;
			sourceTree = "<group>";
		};
		54F85E7820FF7F9200885847 /* Sounds */ = {
			isa = PBXGroup;
			children = (
				54F85E7920FF7F9200885847 /* Scrape.wav */,
				54F85E7A20FF7F9200885847 /* Ka-Ching.wav */,
				54F85E7B20FF7F9200885847 /* Mining by Moonlight.mp3 */,
				54F85E7C20FF7F9200885847 /* Drip.wav */,
				54F85E7D20FF7F9200885847 /* Chomp.wav */,
				54F85E7E20FF7F9200885847 /* Error.wav */,
			);
			path = Sounds;
			sourceTree = "<group>";
		};
/* End PBXGroup section */

/* Begin PBXNativeTarget section */
		541A32C720DAD05C00D171CA /* Farm Dash */ = {
			isa = PBXNativeTarget;
			buildConfigurationList = 541A32E020DAD05F00D171CA /* Build configuration list for PBXNativeTarget "Farm Dash" */;
			buildPhases = (
				541A32C420DAD05C00D171CA /* Sources */,
				541A32C520DAD05C00D171CA /* Frameworks */,
				541A32C620DAD05C00D171CA /* Resources */,
			);
			buildRules = (
			);
			dependencies = (
			);
			name = "Farm Dash";
			productName = "Farm Dash";
			productReference = 541A32C820DAD05C00D171CA /* Farm Dash.app */;
			productType = "com.apple.product-type.application";
		};
/* End PBXNativeTarget section */

/* Begin PBXProject section */
		541A32C020DAD05C00D171CA /* Project object */ = {
			isa = PBXProject;
			attributes = {
				LastSwiftUpdateCheck = 0940;
				LastUpgradeCheck = 0940;
				ORGANIZATIONNAME = "Douglas W. Palme";
				TargetAttributes = {
					541A32C720DAD05C00D171CA = {
						CreatedOnToolsVersion = 9.4;
					};
				};
			};
			buildConfigurationList = 541A32C320DAD05C00D171CA /* Build configuration list for PBXProject "Farm Dash" */;
			compatibilityVersion = "Xcode 9.3";
			developmentRegion = en;
			hasScannedForEncodings = 0;
			knownRegions = (
				en,
				Base,
			);
			mainGroup = 541A32BF20DAD05C00D171CA;
			productRefGroup = 541A32C920DAD05C00D171CA /* Products */;
			projectDirPath = "";
			projectRoot = "";
			targets = (
				541A32C720DAD05C00D171CA /* Farm Dash */,
			);
		};
/* End PBXProject section */

/* Begin PBXResourcesBuildPhase section */
		541A32C620DAD05C00D171CA /* Resources */ = {
			isa = PBXResourcesBuildPhase;
			buildActionMask = 2147483647;
			files = (
				54F85E7620FF7F3200885847 /* Level_0.json in Resources */,
				54F85E8220FF7F9300885847 /* Drip.wav in Resources */,
				54F85E7520FF7F3200885847 /* Level_4.json in Resources */,
				54F85E8020FF7F9300885847 /* Ka-Ching.wav in Resources */,
				54F85E8320FF7F9300885847 /* Chomp.wav in Resources */,
				54F85E7320FF7F3200885847 /* Level_2.json in Resources */,
				541A32D720DAD05C00D171CA /* Main.storyboard in Resources */,
				54F85E8120FF7F9300885847 /* Mining by Moonlight.mp3 in Resources */,
				54F85E7F20FF7F9300885847 /* Scrape.wav in Resources */,
				54F85E6820FF7D8800885847 /* Grid.atlas in Resources */,
				541A32D920DAD05F00D171CA /* Assets.xcassets in Resources */,
				541A32DC20DAD05F00D171CA /* LaunchScreen.storyboard in Resources */,
				54F85E7720FF7F3200885847 /* Level_1.json in Resources */,
				54F85E7420FF7F3200885847 /* Level_3.json in Resources */,
				54F85E6620FF7D7B00885847 /* Sprites.atlas in Resources */,
				54F85E8420FF7F9300885847 /* Error.wav in Resources */,
			);
			runOnlyForDeploymentPostprocessing = 0;
		};
/* End PBXResourcesBuildPhase section */

/* Begin PBXSourcesBuildPhase section */
		541A32C420DAD05C00D171CA /* Sources */ = {
			isa = PBXSourcesBuildPhase;
			buildActionMask = 2147483647;
			files = (
				54F85E5920FECD5700885847 /* LevelData.swift in Sources */,
				541A32D220DAD05C00D171CA /* GameScene.swift in Sources */,
				541A32D420DAD05C00D171CA /* GameViewController.swift in Sources */,
				54F85E5B20FECD9F00885847 /* Tile.swift in Sources */,
				54F85E5720FECAF000885847 /* Cookie.swift in Sources */,
				54F85E5D20FECDC500885847 /* Array2D.swift in Sources */,
				54F85E5520FECA8A00885847 /* Level.swift in Sources */,
				541A32CC20DAD05C00D171CA /* AppDelegate.swift in Sources */,
				54F85E8620FFBCED00885847 /* Swap.swift in Sources */,
			);
			runOnlyForDeploymentPostprocessing = 0;
		};
/* End PBXSourcesBuildPhase section */

/* Begin PBXVariantGroup section */
		541A32D520DAD05C00D171CA /* Main.storyboard */ = {
			isa = PBXVariantGroup;
			children = (
				541A32D620DAD05C00D171CA /* Base */,
			);
			name = Main.storyboard;
			sourceTree = "<group>";
		};
		541A32DA20DAD05F00D171CA /* LaunchScreen.storyboard */ = {
			isa = PBXVariantGroup;
			children = (
				541A32DB20DAD05F00D171CA /* Base */,
			);
			name = LaunchScreen.storyboard;
			sourceTree = "<group>";
		};
/* End PBXVariantGroup section */

/* Begin XCBuildConfiguration section */
		541A32DE20DAD05F00D171CA /* Debug */ = {
			isa = XCBuildConfiguration;
			buildSettings = {
				ALWAYS_SEARCH_USER_PATHS = NO;
				CLANG_ANALYZER_NONNULL = YES;
				CLANG_ANALYZER_NUMBER_OBJECT_CONVERSION = YES_AGGRESSIVE;
				CLANG_CXX_LANGUAGE_STANDARD = "gnu++14";
				CLANG_CXX_LIBRARY = "libc++";
				CLANG_ENABLE_MODULES = YES;
				CLANG_ENABLE_OBJC_ARC = YES;
				CLANG_ENABLE_OBJC_WEAK = YES;
				CLANG_WARN_BLOCK_CAPTURE_AUTORELEASING = YES;
				CLANG_WARN_BOOL_CONVERSION = YES;
				CLANG_WARN_COMMA = YES;
				CLANG_WARN_CONSTANT_CONVERSION = YES;
				CLANG_WARN_DEPRECATED_OBJC_IMPLEMENTATIONS = YES;
				CLANG_WARN_DIRECT_OBJC_ISA_USAGE = YES_ERROR;
				CLANG_WARN_DOCUMENTATION_COMMENTS = YES;
				CLANG_WARN_EMPTY_BODY = YES;
				CLANG_WARN_ENUM_CONVERSION = YES;
				CLANG_WARN_INFINITE_RECURSION = YES;
				CLANG_WARN_INT_CONVERSION = YES;
				CLANG_WARN_NON_LITERAL_NULL_CONVERSION = YES;
				CLANG_WARN_OBJC_IMPLICIT_RETAIN_SELF = YES;
				CLANG_WARN_OBJC_LITERAL_CONVERSION = YES;
				CLANG_WARN_OBJC_ROOT_CLASS = YES_ERROR;
				CLANG_WARN_RANGE_LOOP_ANALYSIS = YES;
				CLANG_WARN_STRICT_PROTOTYPES = YES;
				CLANG_WARN_SUSPICIOUS_MOVE = YES;
				CLANG_WARN_UNGUARDED_AVAILABILITY = YES_AGGRESSIVE;
				CLANG_WARN_UNREACHABLE_CODE = YES;
				CLANG_WARN__DUPLICATE_METHOD_MATCH = YES;
				CODE_SIGN_IDENTITY = "iPhone Developer";
				COPY_PHASE_STRIP = NO;
				DEBUG_INFORMATION_FORMAT = dwarf;
				ENABLE_STRICT_OBJC_MSGSEND = YES;
				ENABLE_TESTABILITY = YES;
				GCC_C_LANGUAGE_STANDARD = gnu11;
				GCC_DYNAMIC_NO_PIC = NO;
				GCC_NO_COMMON_BLOCKS = YES;
				GCC_OPTIMIZATION_LEVEL = 0;
				GCC_PREPROCESSOR_DEFINITIONS = (
					"DEBUG=1",
					"$(inherited)",
				);
				GCC_WARN_64_TO_32_BIT_CONVERSION = YES;
				GCC_WARN_ABOUT_RETURN_TYPE = YES_ERROR;
				GCC_WARN_UNDECLARED_SELECTOR = YES;
				GCC_WARN_UNINITIALIZED_AUTOS = YES_AGGRESSIVE;
				GCC_WARN_UNUSED_FUNCTION = YES;
				GCC_WARN_UNUSED_VARIABLE = YES;
				IPHONEOS_DEPLOYMENT_TARGET = 11.4;
				MTL_ENABLE_DEBUG_INFO = YES;
				ONLY_ACTIVE_ARCH = YES;
				SDKROOT = iphoneos;
				SWIFT_ACTIVE_COMPILATION_CONDITIONS = DEBUG;
				SWIFT_OPTIMIZATION_LEVEL = "-Onone";
			};
			name = Debug;
		};
		541A32DF20DAD05F00D171CA /* Release */ = {
			isa = XCBuildConfiguration;
			buildSettings = {
				ALWAYS_SEARCH_USER_PATHS = NO;
				CLANG_ANALYZER_NONNULL = YES;
				CLANG_ANALYZER_NUMBER_OBJECT_CONVERSION = YES_AGGRESSIVE;
				CLANG_CXX_LANGUAGE_STANDARD = "gnu++14";
				CLANG_CXX_LIBRARY = "libc++";
				CLANG_ENABLE_MODULES = YES;
				CLANG_ENABLE_OBJC_ARC = YES;
				CLANG_ENABLE_OBJC_WEAK = YES;
				CLANG_WARN_BLOCK_CAPTURE_AUTORELEASING = YES;
				CLANG_WARN_BOOL_CONVERSION = YES;
				CLANG_WARN_COMMA = YES;
				CLANG_WARN_CONSTANT_CONVERSION = YES;
				CLANG_WARN_DEPRECATED_OBJC_IMPLEMENTATIONS = YES;
				CLANG_WARN_DIRECT_OBJC_ISA_USAGE = YES_ERROR;
				CLANG_WARN_DOCUMENTATION_COMMENTS = YES;
				CLANG_WARN_EMPTY_BODY = YES;
				CLANG_WARN_ENUM_CONVERSION = YES;
				CLANG_WARN_INFINITE_RECURSION = YES;
				CLANG_WARN_INT_CONVERSION = YES;
				CLANG_WARN_NON_LITERAL_NULL_CONVERSION = YES;
				CLANG_WARN_OBJC_IMPLICIT_RETAIN_SELF = YES;
				CLANG_WARN_OBJC_LITERAL_CONVERSION = YES;
				CLANG_WARN_OBJC_ROOT_CLASS = YES_ERROR;
				CLANG_WARN_RANGE_LOOP_ANALYSIS = YES;
				CLANG_WARN_STRICT_PROTOTYPES = YES;
				CLANG_WARN_SUSPICIOUS_MOVE = YES;
				CLANG_WARN_UNGUARDED_AVAILABILITY = YES_AGGRESSIVE;
				CLANG_WARN_UNREACHABLE_CODE = YES;
				CLANG_WARN__DUPLICATE_METHOD_MATCH = YES;
				CODE_SIGN_IDENTITY = "iPhone Developer";
				COPY_PHASE_STRIP = NO;
				DEBUG_INFORMATION_FORMAT = "dwarf-with-dsym";
				ENABLE_NS_ASSERTIONS = NO;
				ENABLE_STRICT_OBJC_MSGSEND = YES;
				GCC_C_LANGUAGE_STANDARD = gnu11;
				GCC_NO_COMMON_BLOCKS = YES;
				GCC_WARN_64_TO_32_BIT_CONVERSION = YES;
				GCC_WARN_ABOUT_RETURN_TYPE = YES_ERROR;
				GCC_WARN_UNDECLARED_SELECTOR = YES;
				GCC_WARN_UNINITIALIZED_AUTOS = YES_AGGRESSIVE;
				GCC_WARN_UNUSED_FUNCTION = YES;
				GCC_WARN_UNUSED_VARIABLE = YES;
				IPHONEOS_DEPLOYMENT_TARGET = 11.4;
				MTL_ENABLE_DEBUG_INFO = NO;
				SDKROOT = iphoneos;
				SWIFT_COMPILATION_MODE = wholemodule;
				SWIFT_OPTIMIZATION_LEVEL = "-O";
				VALIDATE_PRODUCT = YES;
			};
			name = Release;
		};
		541A32E120DAD05F00D171CA /* Debug */ = {
			isa = XCBuildConfiguration;
			buildSettings = {
				ASSETCATALOG_COMPILER_APPICON_NAME = AppIcon;
				CODE_SIGN_STYLE = Automatic;
				DEVELOPMENT_TEAM = JP2QBRJS2F;
				INFOPLIST_FILE = "Farm Dash/Info.plist";
				IPHONEOS_DEPLOYMENT_TARGET = 11.0;
				LD_RUNPATH_SEARCH_PATHS = (
					"$(inherited)",
					"@executable_path/Frameworks",
				);
				PRODUCT_BUNDLE_IDENTIFIER = "com.palmeacres.Farm-Dash";
				PRODUCT_NAME = "$(TARGET_NAME)";
				SWIFT_VERSION = 4.0;
				TARGETED_DEVICE_FAMILY = "1,2";
			};
			name = Debug;
		};
		541A32E220DAD05F00D171CA /* Release */ = {
			isa = XCBuildConfiguration;
			buildSettings = {
				ASSETCATALOG_COMPILER_APPICON_NAME = AppIcon;
				CODE_SIGN_STYLE = Automatic;
				DEVELOPMENT_TEAM = JP2QBRJS2F;
				INFOPLIST_FILE = "Farm Dash/Info.plist";
				IPHONEOS_DEPLOYMENT_TARGET = 11.0;
				LD_RUNPATH_SEARCH_PATHS = (
					"$(inherited)",
					"@executable_path/Frameworks",
				);
				PRODUCT_BUNDLE_IDENTIFIER = "com.palmeacres.Farm-Dash";
				PRODUCT_NAME = "$(TARGET_NAME)";
				SWIFT_VERSION = 4.0;
				TARGETED_DEVICE_FAMILY = "1,2";
			};
			name = Release;
		};
/* End XCBuildConfiguration section */

/* Begin XCConfigurationList section */
		541A32C320DAD05C00D171CA /* Build configuration list for PBXProject "Farm Dash" */ = {
			isa = XCConfigurationList;
			buildConfigurations = (
				541A32DE20DAD05F00D171CA /* Debug */,
				541A32DF20DAD05F00D171CA /* Release */,
			);
			defaultConfigurationIsVisible = 0;
			defaultConfigurationName = Release;
		};
		541A32E020DAD05F00D171CA /* Build configuration list for PBXNativeTarget "Farm Dash" */ = {
			isa = XCConfigurationList;
			buildConfigurations = (
				541A32E120DAD05F00D171CA /* Debug */,
				541A32E220DAD05F00D171CA /* Release */,
			);
			defaultConfigurationIsVisible = 0;
			defaultConfigurationName = Release;
		};
/* End XCConfigurationList section */
	};
	rootObject = 541A32C020DAD05C00D171CA /* Project object */;
}
